
Microsoft Visual Studio Solution File, Format Version 12.00
# Visual Studio Version 16
VisualStudioVersion = 25.0.1706.0
MinimumVisualStudioVersion = 10.0.40219.1
Project("{FAE04EC0-301F-11D3-BF4B-00C04F79EFBC}") = "WebAngularCommerce", "WebAngularCommerce\WebAngularCommerce.csproj", "{76164F3B-99E3-4DF7-A2D0-B7E88ECFEC8F}"
EndProject
Global
	GlobalSection(SolutionConfigurationPlatforms) = preSolution
		Debug|Any CPU = Debug|Any CPU
		Release|Any CPU = Release|Any CPU
	EndGlobalSection
	GlobalSection(ProjectConfigurationPlatforms) = postSolution
		{76164F3B-99E3-4DF7-A2D0-B7E88ECFEC8F}.Debug|Any CPU.ActiveCfg = Debug|Any CPU
		{76164F3B-99E3-4DF7-A2D0-B7E88ECFEC8F}.Debug|Any CPU.Build.0 = Debug|Any CPU
		{76164F3B-99E3-4DF7-A2D0-B7E88ECFEC8F}.Release|Any CPU.ActiveCfg = Release|Any CPU
		{76164F3B-99E3-4DF7-A2D0-B7E88ECFEC8F}.Release|Any CPU.Build.0 = Release|Any CPU
	EndGlobalSection
	GlobalSection(SolutionProperties) = preSolution
		HideSolutionNode = FALSE
	EndGlobalSection
	GlobalSection(ExtensibilityGlobals) = postSolution
		SolutionGuid = {53A62397-0A1C-4008-A242-F2441F62C13C}
	EndGlobalSection
EndGlobal
